
Microsoft Visual Studio Solution File, Format Version 12.00
# Visual Studio Version 17
VisualStudioVersion = 17.8.34330.188
MinimumVisualStudioVersion = 10.0.40219.1
Project("{9A19103F-16F7-4668-BE54-9A1E7A4F7556}") = "GTA Online Session Emptier", "GTA Online Session Emptier.csproj", "{1E969D65-C6D2-4995-B38D-7D7C9B4D7A6B}"
EndProject
Global
	GlobalSection(SolutionConfigurationPlatforms) = preSolution
		Debug|Any CPU = Debug|Any CPU
		Release|Any CPU = Release|Any CPU
	EndGlobalSection
	GlobalSection(ProjectConfigurationPlatforms) = postSolution
		{1E969D65-C6D2-4995-B38D-7D7C9B4D7A6B}.Debug|Any CPU.ActiveCfg = Debug|Any CPU
		{1E969D65-C6D2-4995-B38D-7D7C9B4D7A6B}.Debug|Any CPU.Build.0 = Debug|Any CPU
		{1E969D65-C6D2-4995-B38D-7D7C9B4D7A6B}.Release|Any CPU.ActiveCfg = Release|Any CPU
		{1E969D65-C6D2-4995-B38D-7D7C9B4D7A6B}.Release|Any CPU.Build.0 = Release|Any CPU
	EndGlobalSection
	GlobalSection(SolutionProperties) = preSolution
		HideSolutionNode = FALSE
	EndGlobalSection
	GlobalSection(ExtensibilityGlobals) = postSolution
		SolutionGuid = {CBA8D7E0-8DB1-40A8-A3BD-2E5889A1BA74}
	EndGlobalSection
EndGlobal
